
Microsoft Visual Studio Solution File, Format Version 12.00
# Visual Studio Version 17
VisualStudioVersion = 17.8.34511.84
MinimumVisualStudioVersion = 10.0.40219.1
Project("{FAE04EC0-301F-11D3-BF4B-00C04F79EFBC}") = "polimorphism", "polimorphism\polimorphism.csproj", "{0F4B9615-68C8-47D2-B652-327528D48A99}"
EndProject
Global
	GlobalSection(SolutionConfigurationPlatforms) = preSolution
		Debug|Any CPU = Debug|Any CPU
		Release|Any CPU = Release|Any CPU
	EndGlobalSection
	GlobalSection(ProjectConfigurationPlatforms) = postSolution
		{0F4B9615-68C8-47D2-B652-327528D48A99}.Debug|Any CPU.ActiveCfg = Debug|Any CPU
		{0F4B9615-68C8-47D2-B652-327528D48A99}.Debug|Any CPU.Build.0 = Debug|Any CPU
		{0F4B9615-68C8-47D2-B652-327528D48A99}.Release|Any CPU.ActiveCfg = Release|Any CPU
		{0F4B9615-68C8-47D2-B652-327528D48A99}.Release|Any CPU.Build.0 = Release|Any CPU
	EndGlobalSection
	GlobalSection(SolutionProperties) = preSolution
		HideSolutionNode = FALSE
	EndGlobalSection
	GlobalSection(ExtensibilityGlobals) = postSolution
		SolutionGuid = {A8F29DA2-2C87-4D27-B95A-BC0CDB80234C}
	EndGlobalSection
EndGlobal
